// !$*UTF8*$!
{
	archiveVersion = 1;
	classes = {
	};
	objectVersion = 54;
	objects = {

/* Begin PBXBuildFile section */
		164CD1F926909BCA0011E360 /* AwesomeApp.swift in Sources */ = {isa = PBXBuildFile; fileRef = 164CD1F826909BCA0011E360 /* AwesomeApp.swift */; };
		164CD1FB26909BCA0011E360 /* ContentView.swift in Sources */ = {isa = PBXBuildFile; fileRef = 164CD1FA26909BCA0011E360 /* ContentView.swift */; };
		164CD1FD26909BCA0011E360 /* Assets.xcassets in Resources */ = {isa = PBXBuildFile; fileRef = 164CD1FC26909BCA0011E360 /* Assets.xcassets */; };
		164CD20026909BCA0011E360 /* Preview Assets.xcassets in Resources */ = {isa = PBXBuildFile; fileRef = 164CD1FF26909BCA0011E360 /* Preview Assets.xcassets */; };
		164CD20B26909BCA0011E360 /* AwesomeAppTests.swift in Sources */ = {isa = PBXBuildFile; fileRef = 164CD20A26909BCA0011E360 /* AwesomeAppTests.swift */; };
		164CD22526909CA70011E360 /* SnapshotTesting in Frameworks */ = {isa = PBXBuildFile; productRef = 164CD22426909CA70011E360 /* SnapshotTesting */; };
		164CD22826909CC30011E360 /* AccessibilitySnapshot in Frameworks */ = {isa = PBXBuildFile; productRef = 164CD22726909CC30011E360 /* AccessibilitySnapshot */; };
		164CD22B26909CCF0011E360 /* SnapshotTestingStitch in Frameworks */ = {isa = PBXBuildFile; productRef = 164CD22A26909CCF0011E360 /* SnapshotTestingStitch */; };
		164CD22E26909CF80011E360 /* ios-accessibility-text-snapshot in Frameworks */ = {isa = PBXBuildFile; productRef = 164CD22D26909CF80011E360 /* ios-accessibility-text-snapshot */; };
/* End PBXBuildFile section */

/* Begin PBXContainerItemProxy section */
		164CD20726909BCA0011E360 /* PBXContainerItemProxy */ = {
			isa = PBXContainerItemProxy;
			containerPortal = 164CD1ED26909BCA0011E360 /* Project object */;
			proxyType = 1;
			remoteGlobalIDString = 164CD1F426909BCA0011E360;
			remoteInfo = AwesomeApp;
		};
/* End PBXContainerItemProxy section */

/* Begin PBXFileReference section */
		164CD1F526909BCA0011E360 /* AwesomeApp.app */ = {isa = PBXFileReference; explicitFileType = wrapper.application; includeInIndex = 0; path = AwesomeApp.app; sourceTree = BUILT_PRODUCTS_DIR; };
		164CD1F826909BCA0011E360 /* AwesomeApp.swift */ = {isa = PBXFileReference; lastKnownFileType = sourcecode.swift; path = AwesomeApp.swift; sourceTree = "<group>"; };
		164CD1FA26909BCA0011E360 /* ContentView.swift */ = {isa = PBXFileReference; lastKnownFileType = sourcecode.swift; path = ContentView.swift; sourceTree = "<group>"; };
		164CD1FC26909BCA0011E360 /* Assets.xcassets */ = {isa = PBXFileReference; lastKnownFileType = folder.assetcatalog; path = Assets.xcassets; sourceTree = "<group>"; };
		164CD1FF26909BCA0011E360 /* Preview Assets.xcassets */ = {isa = PBXFileReference; lastKnownFileType = folder.assetcatalog; path = "Preview Assets.xcassets"; sourceTree = "<group>"; };
		164CD20126909BCA0011E360 /* Info.plist */ = {isa = PBXFileReference; lastKnownFileType = text.plist.xml; path = Info.plist; sourceTree = "<group>"; };
		164CD20626909BCA0011E360 /* AwesomeAppTests.xctest */ = {isa = PBXFileReference; explicitFileType = wrapper.cfbundle; includeInIndex = 0; path = AwesomeAppTests.xctest; sourceTree = BUILT_PRODUCTS_DIR; };
		164CD20A26909BCA0011E360 /* AwesomeAppTests.swift */ = {isa = PBXFileReference; lastKnownFileType = sourcecode.swift; path = AwesomeAppTests.swift; sourceTree = "<group>"; };
		164CD20C26909BCA0011E360 /* Info.plist */ = {isa = PBXFileReference; lastKnownFileType = text.plist.xml; path = Info.plist; sourceTree = "<group>"; };
/* End PBXFileReference section */

/* Begin PBXFrameworksBuildPhase section */
		164CD1F226909BCA0011E360 /* Frameworks */ = {
			isa = PBXFrameworksBuildPhase;
			buildActionMask = 2147483647;
			files = (
			);
			runOnlyForDeploymentPostprocessing = 0;
		};
		164CD20326909BCA0011E360 /* Frameworks */ = {
			isa = PBXFrameworksBuildPhase;
			buildActionMask = 2147483647;
			files = (
				164CD22526909CA70011E360 /* SnapshotTesting in Frameworks */,
				164CD22826909CC30011E360 /* AccessibilitySnapshot in Frameworks */,
				164CD22E26909CF80011E360 /* ios-accessibility-text-snapshot in Frameworks */,
				164CD22B26909CCF0011E360 /* SnapshotTestingStitch in Frameworks */,
			);
			runOnlyForDeploymentPostprocessing = 0;
		};
/* End PBXFrameworksBuildPhase section */

/* Begin PBXGroup section */
		164CD1EC26909BCA0011E360 = {
			isa = PBXGroup;
			children = (
				164CD1F726909BCA0011E360 /* AwesomeApp */,
				164CD20926909BCA0011E360 /* AwesomeAppTests */,
				164CD1F626909BCA0011E360 /* Products */,
			);
			sourceTree = "<group>";
		};
		164CD1F626909BCA0011E360 /* Products */ = {
			isa = PBXGroup;
			children = (
				164CD1F526909BCA0011E360 /* AwesomeApp.app */,
				164CD20626909BCA0011E360 /* AwesomeAppTests.xctest */,
			);
			name = Products;
			sourceTree = "<group>";
		};
		164CD1F726909BCA0011E360 /* AwesomeApp */ = {
			isa = PBXGroup;
			children = (
				164CD1F826909BCA0011E360 /* AwesomeApp.swift */,
				164CD1FA26909BCA0011E360 /* ContentView.swift */,
				164CD1FC26909BCA0011E360 /* Assets.xcassets */,
				164CD20126909BCA0011E360 /* Info.plist */,
				164CD1FE26909BCA0011E360 /* Preview Content */,
			);
			path = AwesomeApp;
			sourceTree = "<group>";
		};
		164CD1FE26909BCA0011E360 /* Preview Content */ = {
			isa = PBXGroup;
			children = (
				164CD1FF26909BCA0011E360 /* Preview Assets.xcassets */,
			);
			path = "Preview Content";
			sourceTree = "<group>";
		};
		164CD20926909BCA0011E360 /* AwesomeAppTests */ = {
			isa = PBXGroup;
			children = (
				164CD20A26909BCA0011E360 /* AwesomeAppTests.swift */,
				164CD20C26909BCA0011E360 /* Info.plist */,
			);
			path = AwesomeAppTests;
			sourceTree = "<group>";
		};
/* End PBXGroup section */

/* Begin PBXNativeTarget section */
		164CD1F426909BCA0011E360 /* AwesomeApp */ = {
			isa = PBXNativeTarget;
			buildConfigurationList = 164CD21A26909BCA0011E360 /* Build configuration list for PBXNativeTarget "AwesomeApp" */;
			buildPhases = (
				164CD1F126909BCA0011E360 /* Sources */,
				164CD1F226909BCA0011E360 /* Frameworks */,
				164CD1F326909BCA0011E360 /* Resources */,
			);
			buildRules = (
			);
			dependencies = (
			);
			name = AwesomeApp;
			productName = AwesomeApp;
			productReference = 164CD1F526909BCA0011E360 /* AwesomeApp.app */;
			productType = "com.apple.product-type.application";
		};
		164CD20526909BCA0011E360 /* AwesomeAppTests */ = {
			isa = PBXNativeTarget;
			buildConfigurationList = 164CD21D26909BCA0011E360 /* Build configuration list for PBXNativeTarget "AwesomeAppTests" */;
			buildPhases = (
				164CD20226909BCA0011E360 /* Sources */,
				164CD20326909BCA0011E360 /* Frameworks */,
				164CD20426909BCA0011E360 /* Resources */,
			);
			buildRules = (
			);
			dependencies = (
				164CD20826909BCA0011E360 /* PBXTargetDependency */,
			);
			name = AwesomeAppTests;
			packageProductDependencies = (
				164CD22426909CA70011E360 /* SnapshotTesting */,
				164CD22726909CC30011E360 /* AccessibilitySnapshot */,
				164CD22A26909CCF0011E360 /* SnapshotTestingStitch */,
				164CD22D26909CF80011E360 /* ios-accessibility-text-snapshot */,
			);
			productName = AwesomeAppTests;
			productReference = 164CD20626909BCA0011E360 /* AwesomeAppTests.xctest */;
			productType = "com.apple.product-type.bundle.unit-test";
		};
/* End PBXNativeTarget section */

/* Begin PBXProject section */
		164CD1ED26909BCA0011E360 /* Project object */ = {
			isa = PBXProject;
			attributes = {
				LastSwiftUpdateCheck = 1250;
				LastUpgradeCheck = 1250;
				TargetAttributes = {
					164CD1F426909BCA0011E360 = {
						CreatedOnToolsVersion = 12.5;
					};
					164CD20526909BCA0011E360 = {
						CreatedOnToolsVersion = 12.5;
						TestTargetID = 164CD1F426909BCA0011E360;
					};
				};
			};
			buildConfigurationList = 164CD1F026909BCA0011E360 /* Build configuration list for PBXProject "AwesomeApp" */;
			compatibilityVersion = "Xcode 12.0";
			developmentRegion = en;
			hasScannedForEncodings = 0;
			knownRegions = (
				en,
				Base,
			);
			mainGroup = 164CD1EC26909BCA0011E360;
			packageReferences = (
				164CD22326909CA70011E360 /* XCRemoteSwiftPackageReference "swift-snapshot-testing" */,
				164CD22626909CC30011E360 /* XCRemoteSwiftPackageReference "AccessibilitySnapshot" */,
				164CD22926909CCF0011E360 /* XCRemoteSwiftPackageReference "swift-snapshot-testing-stitch" */,
				164CD22C26909CF80011E360 /* XCRemoteSwiftPackageReference "ios-accessibility-text-snapshot" */,
			);
			productRefGroup = 164CD1F626909BCA0011E360 /* Products */;
			projectDirPath = "";
			projectRoot = "";
			targets = (
				164CD1F426909BCA0011E360 /* AwesomeApp */,
				164CD20526909BCA0011E360 /* AwesomeAppTests */,
			);
		};
/* End PBXProject section */

/* Begin PBXResourcesBuildPhase section */
		164CD1F326909BCA0011E360 /* Resources */ = {
			isa = PBXResourcesBuildPhase;
			buildActionMask = 2147483647;
			files = (
				164CD20026909BCA0011E360 /* Preview Assets.xcassets in Resources */,
				164CD1FD26909BCA0011E360 /* Assets.xcassets in Resources */,
			);
			runOnlyForDeploymentPostprocessing = 0;
		};
		164CD20426909BCA0011E360 /* Resources */ = {
			isa = PBXResourcesBuildPhase;
			buildActionMask = 2147483647;
			files = (
			);
			runOnlyForDeploymentPostprocessing = 0;
		};
/* End PBXResourcesBuildPhase section */

/* Begin PBXSourcesBuildPhase section */
		164CD1F126909BCA0011E360 /* Sources */ = {
			isa = PBXSourcesBuildPhase;
			buildActionMask = 2147483647;
			files = (
				164CD1FB26909BCA0011E360 /* ContentView.swift in Sources */,
				164CD1F926909BCA0011E360 /* AwesomeApp.swift in Sources */,
			);
			runOnlyForDeploymentPostprocessing = 0;
		};
		164CD20226909BCA0011E360 /* Sources */ = {
			isa = PBXSourcesBuildPhase;
			buildActionMask = 2147483647;
			files = (
				164CD20B26909BCA0011E360 /* AwesomeAppTests.swift in Sources */,
			);
			runOnlyForDeploymentPostprocessing = 0;
		};
/* End PBXSourcesBuildPhase section */

/* Begin PBXTargetDependency section */
		164CD20826909BCA0011E360 /* PBXTargetDependency */ = {
			isa = PBXTargetDependency;
			target = 164CD1F426909BCA0011E360 /* AwesomeApp */;
			targetProxy = 164CD20726909BCA0011E360 /* PBXContainerItemProxy */;
		};
/* End PBXTargetDependency section */

/* Begin XCBuildConfiguration section */
		164CD21826909BCA0011E360 /* Debug */ = {
			isa = XCBuildConfiguration;
			buildSettings = {
				ALWAYS_SEARCH_USER_PATHS = NO;
				CLANG_ANALYZER_NONNULL = YES;
				CLANG_ANALYZER_NUMBER_OBJECT_CONVERSION = YES_AGGRESSIVE;
				CLANG_CXX_LANGUAGE_STANDARD = "gnu++14";
				CLANG_CXX_LIBRARY = "libc++";
				CLANG_ENABLE_MODULES = YES;
				CLANG_ENABLE_OBJC_ARC = YES;
				CLANG_ENABLE_OBJC_WEAK = YES;
				CLANG_WARN_BLOCK_CAPTURE_AUTORELEASING = YES;
				CLANG_WARN_BOOL_CONVERSION = YES;
				CLANG_WARN_COMMA = YES;
				CLANG_WARN_CONSTANT_CONVERSION = YES;
				CLANG_WARN_DEPRECATED_OBJC_IMPLEMENTATIONS = YES;
				CLANG_WARN_DIRECT_OBJC_ISA_USAGE = YES_ERROR;
				CLANG_WARN_DOCUMENTATION_COMMENTS = YES;
				CLANG_WARN_EMPTY_BODY = YES;
				CLANG_WARN_ENUM_CONVERSION = YES;
				CLANG_WARN_INFINITE_RECURSION = YES;
				CLANG_WARN_INT_CONVERSION = YES;
				CLANG_WARN_NON_LITERAL_NULL_CONVERSION = YES;
				CLANG_WARN_OBJC_IMPLICIT_RETAIN_SELF = YES;
				CLANG_WARN_OBJC_LITERAL_CONVERSION = YES;
				CLANG_WARN_OBJC_ROOT_CLASS = YES_ERROR;
				CLANG_WARN_QUOTED_INCLUDE_IN_FRAMEWORK_HEADER = YES;
				CLANG_WARN_RANGE_LOOP_ANALYSIS = YES;
				CLANG_WARN_STRICT_PROTOTYPES = YES;
				CLANG_WARN_SUSPICIOUS_MOVE = YES;
				CLANG_WARN_UNGUARDED_AVAILABILITY = YES_AGGRESSIVE;
				CLANG_WARN_UNREACHABLE_CODE = YES;
				CLANG_WARN__DUPLICATE_METHOD_MATCH = YES;
				COPY_PHASE_STRIP = NO;
				DEBUG_INFORMATION_FORMAT = dwarf;
				ENABLE_STRICT_OBJC_MSGSEND = YES;
				ENABLE_TESTABILITY = YES;
				GCC_C_LANGUAGE_STANDARD = gnu11;
				GCC_DYNAMIC_NO_PIC = NO;
				GCC_NO_COMMON_BLOCKS = YES;
				GCC_OPTIMIZATION_LEVEL = 0;
				GCC_PREPROCESSOR_DEFINITIONS = (
					"DEBUG=1",
					"$(inherited)",
				);
				GCC_WARN_64_TO_32_BIT_CONVERSION = YES;
				GCC_WARN_ABOUT_RETURN_TYPE = YES_ERROR;
				GCC_WARN_UNDECLARED_SELECTOR = YES;
				GCC_WARN_UNINITIALIZED_AUTOS = YES_AGGRESSIVE;
				GCC_WARN_UNUSED_FUNCTION = YES;
				GCC_WARN_UNUSED_VARIABLE = YES;
				IPHONEOS_DEPLOYMENT_TARGET = 14.0;
				MTL_ENABLE_DEBUG_INFO = INCLUDE_SOURCE;
				MTL_FAST_MATH = YES;
				ONLY_ACTIVE_ARCH = YES;
				SDKROOT = iphoneos;
				SWIFT_ACTIVE_COMPILATION_CONDITIONS = DEBUG;
				SWIFT_OPTIMIZATION_LEVEL = "-Onone";
			};
			name = Debug;
		};
		164CD21926909BCA0011E360 /* Release */ = {
			isa = XCBuildConfiguration;
			buildSettings = {
				ALWAYS_SEARCH_USER_PATHS = NO;
				CLANG_ANALYZER_NONNULL = YES;
				CLANG_ANALYZER_NUMBER_OBJECT_CONVERSION = YES_AGGRESSIVE;
				CLANG_CXX_LANGUAGE_STANDARD = "gnu++14";
				CLANG_CXX_LIBRARY = "libc++";
				CLANG_ENABLE_MODULES = YES;
				CLANG_ENABLE_OBJC_ARC = YES;
				CLANG_ENABLE_OBJC_WEAK = YES;
				CLANG_WARN_BLOCK_CAPTURE_AUTORELEASING = YES;
				CLANG_WARN_BOOL_CONVERSION = YES;
				CLANG_WARN_COMMA = YES;
				CLANG_WARN_CONSTANT_CONVERSION = YES;
				CLANG_WARN_DEPRECATED_OBJC_IMPLEMENTATIONS = YES;
				CLANG_WARN_DIRECT_OBJC_ISA_USAGE = YES_ERROR;
				CLANG_WARN_DOCUMENTATION_COMMENTS = YES;
				CLANG_WARN_EMPTY_BODY = YES;
				CLANG_WARN_ENUM_CONVERSION = YES;
				CLANG_WARN_INFINITE_RECURSION = YES;
				CLANG_WARN_INT_CONVERSION = YES;
				CLANG_WARN_NON_LITERAL_NULL_CONVERSION = YES;
				CLANG_WARN_OBJC_IMPLICIT_RETAIN_SELF = YES;
				CLANG_WARN_OBJC_LITERAL_CONVERSION = YES;
				CLANG_WARN_OBJC_ROOT_CLASS = YES_ERROR;
				CLANG_WARN_QUOTED_INCLUDE_IN_FRAMEWORK_HEADER = YES;
				CLANG_WARN_RANGE_LOOP_ANALYSIS = YES;
				CLANG_WARN_STRICT_PROTOTYPES = YES;
				CLANG_WARN_SUSPICIOUS_MOVE = YES;
				CLANG_WARN_UNGUARDED_AVAILABILITY = YES_AGGRESSIVE;
				CLANG_WARN_UNREACHABLE_CODE = YES;
				CLANG_WARN__DUPLICATE_METHOD_MATCH = YES;
				COPY_PHASE_STRIP = NO;
				DEBUG_INFORMATION_FORMAT = "dwarf-with-dsym";
				ENABLE_NS_ASSERTIONS = NO;
				ENABLE_STRICT_OBJC_MSGSEND = YES;
				GCC_C_LANGUAGE_STANDARD = gnu11;
				GCC_NO_COMMON_BLOCKS = YES;
				GCC_WARN_64_TO_32_BIT_CONVERSION = YES;
				GCC_WARN_ABOUT_RETURN_TYPE = YES_ERROR;
				GCC_WARN_UNDECLARED_SELECTOR = YES;
				GCC_WARN_UNINITIALIZED_AUTOS = YES_AGGRESSIVE;
				GCC_WARN_UNUSED_FUNCTION = YES;
				GCC_WARN_UNUSED_VARIABLE = YES;
				IPHONEOS_DEPLOYMENT_TARGET = 14.0;
				MTL_ENABLE_DEBUG_INFO = NO;
				MTL_FAST_MATH = YES;
				SDKROOT = iphoneos;
				SWIFT_COMPILATION_MODE = wholemodule;
				SWIFT_OPTIMIZATION_LEVEL = "-O";
				VALIDATE_PRODUCT = YES;
			};
			name = Release;
		};
		164CD21B26909BCA0011E360 /* Debug */ = {
			isa = XCBuildConfiguration;
			buildSettings = {
				ASSETCATALOG_COMPILER_APPICON_NAME = AppIcon;
				ASSETCATALOG_COMPILER_GLOBAL_ACCENT_COLOR_NAME = AccentColor;
				CODE_SIGN_STYLE = Automatic;
				DEVELOPMENT_ASSET_PATHS = "\"AwesomeApp/Preview Content\"";
				ENABLE_PREVIEWS = YES;
				INFOPLIST_FILE = AwesomeApp/Info.plist;
				IPHONEOS_DEPLOYMENT_TARGET = 14.0;
				LD_RUNPATH_SEARCH_PATHS = (
					"$(inherited)",
					"@executable_path/Frameworks",
				);
				MARKETING_VERSION = 1.0.0;
				PRODUCT_BUNDLE_IDENTIFIER = "uk.sherlo.awesome-snapshot-testing";
				PRODUCT_NAME = "$(TARGET_NAME)";
				SWIFT_VERSION = 5.0;
				TARGETED_DEVICE_FAMILY = "1,2";
			};
			name = Debug;
		};
		164CD21C26909BCA0011E360 /* Release */ = {
			isa = XCBuildConfiguration;
			buildSettings = {
				ASSETCATALOG_COMPILER_APPICON_NAME = AppIcon;
				ASSETCATALOG_COMPILER_GLOBAL_ACCENT_COLOR_NAME = AccentColor;
				CODE_SIGN_STYLE = Automatic;
				DEVELOPMENT_ASSET_PATHS = "\"AwesomeApp/Preview Content\"";
				ENABLE_PREVIEWS = YES;
				INFOPLIST_FILE = AwesomeApp/Info.plist;
				IPHONEOS_DEPLOYMENT_TARGET = 14.0;
				LD_RUNPATH_SEARCH_PATHS = (
					"$(inherited)",
					"@executable_path/Frameworks",
				);
				MARKETING_VERSION = 1.0.0;
				PRODUCT_BUNDLE_IDENTIFIER = "uk.sherlo.awesome-snapshot-testing";
				PRODUCT_NAME = "$(TARGET_NAME)";
				SWIFT_VERSION = 5.0;
				TARGETED_DEVICE_FAMILY = "1,2";
			};
			name = Release;
		};
		164CD21E26909BCA0011E360 /* Debug */ = {
			isa = XCBuildConfiguration;
			buildSettings = {
				ALWAYS_EMBED_SWIFT_STANDARD_LIBRARIES = YES;
				BUNDLE_LOADER = "$(TEST_HOST)";
				CODE_SIGN_STYLE = Automatic;
				INFOPLIST_FILE = AwesomeAppTests/Info.plist;
				IPHONEOS_DEPLOYMENT_TARGET = 14.0;
				LD_RUNPATH_SEARCH_PATHS = (
					"$(inherited)",
					"@executable_path/Frameworks",
					"@loader_path/Frameworks",
				);
				PRODUCT_BUNDLE_IDENTIFIER = "uk.sherlo.awesome-snapshot-testing.tests";
				PRODUCT_NAME = "$(TARGET_NAME)";
				SWIFT_VERSION = 5.0;
				TARGETED_DEVICE_FAMILY = "1,2";
				TEST_HOST = "$(BUILT_PRODUCTS_DIR)/AwesomeApp.app/AwesomeApp";
			};
			name = Debug;
		};
		164CD21F26909BCA0011E360 /* Release */ = {
			isa = XCBuildConfiguration;
			buildSettings = {
				ALWAYS_EMBED_SWIFT_STANDARD_LIBRARIES = YES;
				BUNDLE_LOADER = "$(TEST_HOST)";
				CODE_SIGN_STYLE = Automatic;
				INFOPLIST_FILE = AwesomeAppTests/Info.plist;
				IPHONEOS_DEPLOYMENT_TARGET = 14.0;
				LD_RUNPATH_SEARCH_PATHS = (
					"$(inherited)",
					"@executable_path/Frameworks",
					"@loader_path/Frameworks",
				);
				PRODUCT_BUNDLE_IDENTIFIER = "uk.sherlo.awesome-snapshot-testing.tests";
				PRODUCT_NAME = "$(TARGET_NAME)";
				SWIFT_VERSION = 5.0;
				TARGETED_DEVICE_FAMILY = "1,2";
				TEST_HOST = "$(BUILT_PRODUCTS_DIR)/AwesomeApp.app/AwesomeApp";
			};
			name = Release;
		};
/* End XCBuildConfiguration section */

/* Begin XCConfigurationList section */
		164CD1F026909BCA0011E360 /* Build configuration list for PBXProject "AwesomeApp" */ = {
			isa = XCConfigurationList;
			buildConfigurations = (
				164CD21826909BCA0011E360 /* Debug */,
				164CD21926909BCA0011E360 /* Release */,
			);
			defaultConfigurationIsVisible = 0;
			defaultConfigurationName = Release;
		};
		164CD21A26909BCA0011E360 /* Build configuration list for PBXNativeTarget "AwesomeApp" */ = {
			isa = XCConfigurationList;
			buildConfigurations = (
				164CD21B26909BCA0011E360 /* Debug */,
				164CD21C26909BCA0011E360 /* Release */,
			);
			defaultConfigurationIsVisible = 0;
			defaultConfigurationName = Release;
		};
		164CD21D26909BCA0011E360 /* Build configuration list for PBXNativeTarget "AwesomeAppTests" */ = {
			isa = XCConfigurationList;
			buildConfigurations = (
				164CD21E26909BCA0011E360 /* Debug */,
				164CD21F26909BCA0011E360 /* Release */,
			);
			defaultConfigurationIsVisible = 0;
			defaultConfigurationName = Release;
		};
/* End XCConfigurationList section */

/* Begin XCRemoteSwiftPackageReference section */
		164CD22326909CA70011E360 /* XCRemoteSwiftPackageReference "swift-snapshot-testing" */ = {
			isa = XCRemoteSwiftPackageReference;
			repositoryURL = "https://github.com/pointfreeco/swift-snapshot-testing/";
			requirement = {
				kind = upToNextMajorVersion;
				minimumVersion = 1.9.0;
			};
		};
		164CD22626909CC30011E360 /* XCRemoteSwiftPackageReference "AccessibilitySnapshot" */ = {
			isa = XCRemoteSwiftPackageReference;
			repositoryURL = "https://github.com/cashapp/AccessibilitySnapshot";
			requirement = {
				kind = upToNextMajorVersion;
				minimumVersion = 0.4.1;
			};
		};
		164CD22926909CCF0011E360 /* XCRemoteSwiftPackageReference "swift-snapshot-testing-stitch" */ = {
			isa = XCRemoteSwiftPackageReference;
			repositoryURL = "https://github.com/Sherlouk/swift-snapshot-testing-stitch/";
			requirement = {
				kind = upToNextMajorVersion;
				minimumVersion = 1.0.0;
			};
		};
		164CD22C26909CF80011E360 /* XCRemoteSwiftPackageReference "ios-accessibility-text-snapshot" */ = {
			isa = XCRemoteSwiftPackageReference;
			repositoryURL = "https://github.com/sherlouk/ios-accessibility-text-snapshot";
			requirement = {
				branch = spm;
				kind = branch;
			};
		};
/* End XCRemoteSwiftPackageReference section */

/* Begin XCSwiftPackageProductDependency section */
		164CD22426909CA70011E360 /* SnapshotTesting */ = {
			isa = XCSwiftPackageProductDependency;
			package = 164CD22326909CA70011E360 /* XCRemoteSwiftPackageReference "swift-snapshot-testing" */;
			productName = SnapshotTesting;
		};
		164CD22726909CC30011E360 /* AccessibilitySnapshot */ = {
			isa = XCSwiftPackageProductDependency;
			package = 164CD22626909CC30011E360 /* XCRemoteSwiftPackageReference "AccessibilitySnapshot" */;
			productName = AccessibilitySnapshot;
		};
		164CD22A26909CCF0011E360 /* SnapshotTestingStitch */ = {
			isa = XCSwiftPackageProductDependency;
			package = 164CD22926909CCF0011E360 /* XCRemoteSwiftPackageReference "swift-snapshot-testing-stitch" */;
			productName = SnapshotTestingStitch;
		};
		164CD22D26909CF80011E360 /* ios-accessibility-text-snapshot */ = {
			isa = XCSwiftPackageProductDependency;
			package = 164CD22C26909CF80011E360 /* XCRemoteSwiftPackageReference "ios-accessibility-text-snapshot" */;
			productName = "ios-accessibility-text-snapshot";
		};
/* End XCSwiftPackageProductDependency section */
	};
	rootObject = 164CD1ED26909BCA0011E360 /* Project object */;
}
